<?xml version="1.0" encoding="utf-8"?>
<Project ToolsVersion="4.0" xmlns="http://schemas.microsoft.com/developer/msbuild/2003">
  <ItemGroup>
    <Filter Include="Source Files">
      <UniqueIdentifier>{b70ddea4-2b8f-4aaf-ba12-872d84951923}</UniqueIdentifier>
      <Extensions>*.c; *.cpp</Extensions>
    </Filter>
    <Filter Include="Header Files">
      <UniqueIdentifier>{8f5be2c4-6881-4855-bd52-be91a05173c0}</UniqueIdentifier>
      <Extensions>*.h</Extensions>
    </Filter>
    <Filter Include="Resource Files">
      <UniqueIdentifier>{204cd6d4-2f70-412c-b11e-7b5b14fcea36}</UniqueIdentifier>
    </Filter>
    <Filter Include="JpegLib Source Files">
      <UniqueIdentifier>{a50c7970-7f7f-44e9-a123-29e92471da64}</UniqueIdentifier>
      <Extensions>*.c;*.cpp</Extensions>
    </Filter>
  </ItemGroup>
  <ItemGroup>
    <ClCompile Include="gpoly.cpp">
      <Filter>Source Files</Filter>
    </ClCompile>
    <ClCompile Include="main.cpp">
      <Filter>Source Files</Filter>
    </ClCompile>
    <ClCompile Include="texmgr.cpp">
      <Filter>Source Files</Filter>
    </ClCompile>
    <ClCompile Include="yuv.cpp">
      <Filter>Source Files</Filter>
    </ClCompile>
    <ClCompile Include="jpeg\cdjpeg.c">
      <Filter>JpegLib Source Files</Filter>
    </ClCompile>
    <ClCompile Include="jpeg\jcapimin.c">
      <Filter>JpegLib Source Files</Filter>
    </ClCompile>
    <ClCompile Include="jpeg\jcapistd.c">
      <Filter>JpegLib Source Files</Filter>
    </ClCompile>
    <ClCompile Include="jpeg\jccoefct.c">
      <Filter>JpegLib Source Files</Filter>
    </ClCompile>
    <ClCompile Include="jpeg\jccolor.c">
      <Filter>JpegLib Source Files</Filter>
    </ClCompile>
    <ClCompile Include="jpeg\jcdctmgr.c">
      <Filter>JpegLib Source Files</Filter>
    </ClCompile>
    <ClCompile Include="jpeg\jchuff.c">
      <Filter>JpegLib Source Files</Filter>
    </ClCompile>
    <ClCompile Include="jpeg\jcinit.c">
      <Filter>JpegLib Source Files</Filter>
    </ClCompile>
    <ClCompile Include="jpeg\jcmainct.c">
      <Filter>JpegLib Source Files</Filter>
    </ClCompile>
    <ClCompile Include="jpeg\jcmarker.c">
      <Filter>JpegLib Source Files</Filter>
    </ClCompile>
    <ClCompile Include="jpeg\jcmaster.c">
      <Filter>JpegLib Source Files</Filter>
    </ClCompile>
    <ClCompile Include="jpeg\jcomapi.c">
      <Filter>JpegLib Source Files</Filter>
    </ClCompile>
    <ClCompile Include="jpeg\jcparam.c">
      <Filter>JpegLib Source Files</Filter>
    </ClCompile>
    <ClCompile Include="jpeg\jcphuff.c">
      <Filter>JpegLib Source Files</Filter>
    </ClCompile>
    <ClCompile Include="jpeg\jcprepct.c">
      <Filter>JpegLib Source Files</Filter>
    </ClCompile>
    <ClCompile Include="jpeg\jcsample.c">
      <Filter>JpegLib Source Files</Filter>
    </ClCompile>
    <ClCompile Include="jpeg\jctrans.c">
      <Filter>JpegLib Source Files</Filter>
    </ClCompile>
    <ClCompile Include="jpeg\jdapimin.c">
      <Filter>JpegLib Source Files</Filter>
    </ClCompile>
    <ClCompile Include="jpeg\jdapistd.c">
      <Filter>JpegLib Source Files</Filter>
    </ClCompile>
    <ClCompile Include="jpeg\jdatadst.c">
      <Filter>JpegLib Source Files</Filter>
    </ClCompile>
    <ClCompile Include="jpeg\jdatasrc.c">
      <Filter>JpegLib Source Files</Filter>
    </ClCompile>
    <ClCompile Include="jpeg\jdcoefct.c">
      <Filter>JpegLib Source Files</Filter>
    </ClCompile>
    <ClCompile Include="jpeg\jdcolor.c">
      <Filter>JpegLib Source Files</Filter>
    </ClCompile>
    <ClCompile Include="jpeg\jddctmgr.c">
      <Filter>JpegLib Source Files</Filter>
    </ClCompile>
    <ClCompile Include="jpeg\jdhuff.c">
      <Filter>JpegLib Source Files</Filter>
    </ClCompile>
    <ClCompile Include="jpeg\jdinput.c">
      <Filter>JpegLib Source Files</Filter>
    </ClCompile>
    <ClCompile Include="jpeg\jdmainct.c">
      <Filter>JpegLib Source Files</Filter>
    </ClCompile>
    <ClCompile Include="jpeg\jdmarker.c">
      <Filter>JpegLib Source Files</Filter>
    </ClCompile>
    <ClCompile Include="jpeg\jdmaster.c">
      <Filter>JpegLib Source Files</Filter>
    </ClCompile>
    <ClCompile Include="jpeg\jdmerge.c">
      <Filter>JpegLib Source Files</Filter>
    </ClCompile>
    <ClCompile Include="jpeg\jdphuff.c">
      <Filter>JpegLib Source Files</Filter>
    </ClCompile>
    <ClCompile Include="jpeg\jdpostct.c">
      <Filter>JpegLib Source Files</Filter>
    </ClCompile>
    <ClCompile Include="jpeg\jdsample.c">
      <Filter>JpegLib Source Files</Filter>
    </ClCompile>
    <ClCompile Include="jpeg\jdtrans.c">
      <Filter>JpegLib Source Files</Filter>
    </ClCompile>
    <ClCompile Include="jpeg\jerror.c">
      <Filter>JpegLib Source Files</Filter>
    </ClCompile>
    <ClCompile Include="jpeg\jfdctflt.c">
      <Filter>JpegLib Source Files</Filter>
    </ClCompile>
    <ClCompile Include="jpeg\jfdctfst.c">
      <Filter>JpegLib Source Files</Filter>
    </ClCompile>
    <ClCompile Include="jpeg\jfdctint.c">
      <Filter>JpegLib Source Files</Filter>
    </ClCompile>
    <ClCompile Include="jpeg\jidctflt.c">
      <Filter>JpegLib Source Files</Filter>
    </ClCompile>
    <ClCompile Include="jpeg\jidctfst.c">
      <Filter>JpegLib Source Files</Filter>
    </ClCompile>
    <ClCompile Include="jpeg\jidctint.c">
      <Filter>JpegLib Source Files</Filter>
    </ClCompile>
    <ClCompile Include="jpeg\jidctred.c">
      <Filter>JpegLib Source Files</Filter>
    </ClCompile>
    <ClCompile Include="jpeg\jmemansi.c">
      <Filter>JpegLib Source Files</Filter>
    </ClCompile>
    <ClCompile Include="jpeg\jmemmgr.c">
      <Filter>JpegLib Source Files</Filter>
    </ClCompile>
    <ClCompile Include="jpeg\jquant1.c">
      <Filter>JpegLib Source Files</Filter>
    </ClCompile>
    <ClCompile Include="jpeg\jquant2.c">
      <Filter>JpegLib Source Files</Filter>
    </ClCompile>
    <ClCompile Include="jpeg\jutils.c">
      <Filter>JpegLib Source Files</Filter>
    </ClCompile>
    <ClCompile Include="jpeg\rdbmp.c">
      <Filter>JpegLib Source Files</Filter>
    </ClCompile>
    <ClCompile Include="jpeg\rdcolmap.c">
      <Filter>JpegLib Source Files</Filter>
    </ClCompile>
    <ClCompile Include="jpeg\rdgif.c">
      <Filter>JpegLib Source Files</Filter>
    </ClCompile>
    <ClCompile Include="jpeg\rdppm.c">
      <Filter>JpegLib Source Files</Filter>
    </ClCompile>
    <ClCompile Include="jpeg\rdrle.c">
      <Filter>JpegLib Source Files</Filter>
    </ClCompile>
    <ClCompile Include="jpeg\rdswitch.c">
      <Filter>JpegLib Source Files</Filter>
    </ClCompile>
    <ClCompile Include="jpeg\rdtarga.c">
      <Filter>JpegLib Source Files</Filter>
    </ClCompile>
    <ClCompile Include="jpeg\transupp.c">
      <Filter>JpegLib Source Files</Filter>
    </ClCompile>
    <ClCompile Include="jpeg\wrbmp.c">
      <Filter>JpegLib Source Files</Filter>
    </ClCompile>
    <ClCompile Include="jpeg\wrgif.c">
      <Filter>JpegLib Source Files</Filter>
    </ClCompile>
    <ClCompile Include="jpeg\wrppm.c">
      <Filter>JpegLib Source Files</Filter>
    </ClCompile>
    <ClCompile Include="jpeg\wrrle.c">
      <Filter>JpegLib Source Files</Filter>
    </ClCompile>
    <ClCompile Include="jpeg\wrtarga.c">
      <Filter>JpegLib Source Files</Filter>
    </ClCompile>
  </ItemGroup>
  <ItemGroup>
    <ClInclude Include="gpoly.h">
      <Filter>Header Files</Filter>
    </ClInclude>
    <ClInclude Include="Resource.h">
      <Filter>Header Files</Filter>
    </ClInclude>
    <ClInclude Include="sysstuff.h">
      <Filter>Header Files</Filter>
    </ClInclude>
    <ClInclude Include="texmgr.h">
      <Filter>Header Files</Filter>
    </ClInclude>
    <ClInclude Include="video.h">
      <Filter>Header Files</Filter>
    </ClInclude>
    <ClInclude Include="yuv.h">
      <Filter>Header Files</Filter>
    </ClInclude>
  </ItemGroup>
  <ItemGroup>
    <Image Include="ico00001.ico">
      <Filter>Resource Files</Filter>
    </Image>
    <Image Include="icon3.ico">
      <Filter>Resource Files</Filter>
    </Image>
    <Image Include="let_op.ico">
      <Filter>Resource Files</Filter>
    </Image>
  </ItemGroup>
  <ItemGroup>
    <ResourceCompile Include="Resource.rc">
      <Filter>Resource Files</Filter>
    </ResourceCompile>
  </ItemGroup>
  <ItemGroup>
    <Text Include="installer\drempels.txt" />
  </ItemGroup>
  <ItemGroup>
    <CustomBuild Include="installer\drempels.nsi" />
  </ItemGroup>
</Project>